// !$*UTF8*$!
{
	archiveVersion = 1;
	classes = {
	};
	objectVersion = 52;
	objects = {

/* Begin PBXBuildFile section */
		44DBCE34237F3AF300876E1D /* AppDelegate.swift in Sources */ = {isa = PBXBuildFile; fileRef = 44DBCE33237F3AF300876E1D /* AppDelegate.swift */; };
		44DBCE36237F3AF300876E1D /* SceneDelegate.swift in Sources */ = {isa = PBXBuildFile; fileRef = 44DBCE35237F3AF300876E1D /* SceneDelegate.swift */; };
		44DBCE38237F3AF300876E1D /* ViewController.swift in Sources */ = {isa = PBXBuildFile; fileRef = 44DBCE37237F3AF300876E1D /* ViewController.swift */; };
		44DBCE3B237F3AF300876E1D /* Main.storyboard in Resources */ = {isa = PBXBuildFile; fileRef = 44DBCE39237F3AF300876E1D /* Main.storyboard */; };
		44DBCE3D237F3AF500876E1D /* Assets.xcassets in Resources */ = {isa = PBXBuildFile; fileRef = 44DBCE3C237F3AF500876E1D /* Assets.xcassets */; };
		44DBCE40237F3AF500876E1D /* LaunchScreen.storyboard in Resources */ = {isa = PBXBuildFile; fileRef = 44DBCE3E237F3AF500876E1D /* LaunchScreen.storyboard */; };
		44DBCE49237F5FA000876E1D /* UIReactor in Frameworks */ = {isa = PBXBuildFile; productRef = 44DBCE48237F5FA000876E1D /* UIReactor */; };
		44DBCE4B2380011800876E1D /* HomeVC.swift in Sources */ = {isa = PBXBuildFile; fileRef = 44DBCE4A2380011800876E1D /* HomeVC.swift */; };
		44DBCE4D2380015E00876E1D /* MenuVC.swift in Sources */ = {isa = PBXBuildFile; fileRef = 44DBCE4C2380015E00876E1D /* MenuVC.swift */; };
		44DBCE4F23801FDF00876E1D /* LanguageCell.swift in Sources */ = {isa = PBXBuildFile; fileRef = 44DBCE4E23801FDF00876E1D /* LanguageCell.swift */; };
		44DBCE51238028AC00876E1D /* CategoryCell.swift in Sources */ = {isa = PBXBuildFile; fileRef = 44DBCE50238028AC00876E1D /* CategoryCell.swift */; };
		44DBCE5323804EC000876E1D /* SearchResultsVC.swift in Sources */ = {isa = PBXBuildFile; fileRef = 44DBCE5223804EC000876E1D /* SearchResultsVC.swift */; };
		44FEC4D323808E2D00383EFE /* StoresVC.swift in Sources */ = {isa = PBXBuildFile; fileRef = 44FEC4D223808E2D00383EFE /* StoresVC.swift */; };
/* End PBXBuildFile section */

/* Begin PBXFileReference section */
		44DBCE30237F3AF300876E1D /* FresKo.app */ = {isa = PBXFileReference; explicitFileType = wrapper.application; includeInIndex = 0; path = FresKo.app; sourceTree = BUILT_PRODUCTS_DIR; };
		44DBCE33237F3AF300876E1D /* AppDelegate.swift */ = {isa = PBXFileReference; lastKnownFileType = sourcecode.swift; path = AppDelegate.swift; sourceTree = "<group>"; };
		44DBCE35237F3AF300876E1D /* SceneDelegate.swift */ = {isa = PBXFileReference; lastKnownFileType = sourcecode.swift; path = SceneDelegate.swift; sourceTree = "<group>"; };
		44DBCE37237F3AF300876E1D /* ViewController.swift */ = {isa = PBXFileReference; lastKnownFileType = sourcecode.swift; path = ViewController.swift; sourceTree = "<group>"; };
		44DBCE3A237F3AF300876E1D /* Base */ = {isa = PBXFileReference; lastKnownFileType = file.storyboard; name = Base; path = Base.lproj/Main.storyboard; sourceTree = "<group>"; };
		44DBCE3C237F3AF500876E1D /* Assets.xcassets */ = {isa = PBXFileReference; lastKnownFileType = folder.assetcatalog; path = Assets.xcassets; sourceTree = "<group>"; };
		44DBCE3F237F3AF500876E1D /* Base */ = {isa = PBXFileReference; lastKnownFileType = file.storyboard; name = Base; path = Base.lproj/LaunchScreen.storyboard; sourceTree = "<group>"; };
		44DBCE41237F3AF500876E1D /* Info.plist */ = {isa = PBXFileReference; lastKnownFileType = text.plist.xml; path = Info.plist; sourceTree = "<group>"; };
		44DBCE4A2380011800876E1D /* HomeVC.swift */ = {isa = PBXFileReference; lastKnownFileType = sourcecode.swift; path = HomeVC.swift; sourceTree = "<group>"; };
		44DBCE4C2380015E00876E1D /* MenuVC.swift */ = {isa = PBXFileReference; lastKnownFileType = sourcecode.swift; path = MenuVC.swift; sourceTree = "<group>"; };
		44DBCE4E23801FDF00876E1D /* LanguageCell.swift */ = {isa = PBXFileReference; lastKnownFileType = sourcecode.swift; path = LanguageCell.swift; sourceTree = "<group>"; };
		44DBCE50238028AC00876E1D /* CategoryCell.swift */ = {isa = PBXFileReference; lastKnownFileType = sourcecode.swift; path = CategoryCell.swift; sourceTree = "<group>"; };
		44DBCE5223804EC000876E1D /* SearchResultsVC.swift */ = {isa = PBXFileReference; lastKnownFileType = sourcecode.swift; path = SearchResultsVC.swift; sourceTree = "<group>"; };
		44FEC4D223808E2D00383EFE /* StoresVC.swift */ = {isa = PBXFileReference; lastKnownFileType = sourcecode.swift; path = StoresVC.swift; sourceTree = "<group>"; };
/* End PBXFileReference section */

/* Begin PBXFrameworksBuildPhase section */
		44DBCE2D237F3AF300876E1D /* Frameworks */ = {
			isa = PBXFrameworksBuildPhase;
			buildActionMask = 2147483647;
			files = (
				44DBCE49237F5FA000876E1D /* UIReactor in Frameworks */,
			);
			runOnlyForDeploymentPostprocessing = 0;
		};
/* End PBXFrameworksBuildPhase section */

/* Begin PBXGroup section */
		44DBCE27237F3AF300876E1D = {
			isa = PBXGroup;
			children = (
				44DBCE32237F3AF300876E1D /* Green-K */,
			);
			sourceTree = "<group>";
		};
		44DBCE31237F3AF300876E1D /* Products */ = {
			isa = PBXGroup;
			children = (
				44DBCE30237F3AF300876E1D /* FresKo.app */,
			);
			name = Products;
			path = ..;
			sourceTree = "<group>";
		};
		44DBCE32237F3AF300876E1D /* Green-K */ = {
			isa = PBXGroup;
			children = (
				44DBCE33237F3AF300876E1D /* AppDelegate.swift */,
				44DBCE35237F3AF300876E1D /* SceneDelegate.swift */,
				44DBCE37237F3AF300876E1D /* ViewController.swift */,
				44DBCE4A2380011800876E1D /* HomeVC.swift */,
				44DBCE5223804EC000876E1D /* SearchResultsVC.swift */,
				44DBCE4C2380015E00876E1D /* MenuVC.swift */,
				44DBCE4E23801FDF00876E1D /* LanguageCell.swift */,
				44DBCE50238028AC00876E1D /* CategoryCell.swift */,
				44FEC4D223808E2D00383EFE /* StoresVC.swift */,
				44DBCE39237F3AF300876E1D /* Main.storyboard */,
				44DBCE3E237F3AF500876E1D /* LaunchScreen.storyboard */,
				44DBCE3C237F3AF500876E1D /* Assets.xcassets */,
				44DBCE41237F3AF500876E1D /* Info.plist */,
				44DBCE31237F3AF300876E1D /* Products */,
			);
			path = "Green-K";
			sourceTree = "<group>";
		};
/* End PBXGroup section */

/* Begin PBXNativeTarget section */
		44DBCE2F237F3AF300876E1D /* Green-K */ = {
			isa = PBXNativeTarget;
			buildConfigurationList = 44DBCE44237F3AF500876E1D /* Build configuration list for PBXNativeTarget "Green-K" */;
			buildPhases = (
				44DBCE2C237F3AF300876E1D /* Sources */,
				44DBCE2D237F3AF300876E1D /* Frameworks */,
				44DBCE2E237F3AF300876E1D /* Resources */,
			);
			buildRules = (
			);
			dependencies = (
			);
			name = "Green-K";
			packageProductDependencies = (
				44DBCE48237F5FA000876E1D /* UIReactor */,
			);
			productName = "Green-K";
			productReference = 44DBCE30237F3AF300876E1D /* FresKo.app */;
			productType = "com.apple.product-type.application";
		};
/* End PBXNativeTarget section */

/* Begin PBXProject section */
		44DBCE28237F3AF300876E1D /* Project object */ = {
			isa = PBXProject;
			attributes = {
				LastSwiftUpdateCheck = 1110;
				LastUpgradeCheck = 1110;
				ORGANIZATIONNAME = "Wissa Azmy";
				TargetAttributes = {
					44DBCE2F237F3AF300876E1D = {
						CreatedOnToolsVersion = 11.1;
					};
				};
			};
			buildConfigurationList = 44DBCE2B237F3AF300876E1D /* Build configuration list for PBXProject "Green-K" */;
			compatibilityVersion = "Xcode 9.3";
			developmentRegion = en;
			hasScannedForEncodings = 0;
			knownRegions = (
				en,
				Base,
			);
			mainGroup = 44DBCE27237F3AF300876E1D;
			packageReferences = (
				44DBCE47237F5FA000876E1D /* XCRemoteSwiftPackageReference "UIReactor" */,
			);
			productRefGroup = 44DBCE31237F3AF300876E1D /* Products */;
			projectDirPath = "";
			projectRoot = "";
			targets = (
				44DBCE2F237F3AF300876E1D /* Green-K */,
			);
		};
/* End PBXProject section */

/* Begin PBXResourcesBuildPhase section */
		44DBCE2E237F3AF300876E1D /* Resources */ = {
			isa = PBXResourcesBuildPhase;
			buildActionMask = 2147483647;
			files = (
				44DBCE40237F3AF500876E1D /* LaunchScreen.storyboard in Resources */,
				44DBCE3D237F3AF500876E1D /* Assets.xcassets in Resources */,
				44DBCE3B237F3AF300876E1D /* Main.storyboard in Resources */,
			);
			runOnlyForDeploymentPostprocessing = 0;
		};
/* End PBXResourcesBuildPhase section */

/* Begin PBXSourcesBuildPhase section */
		44DBCE2C237F3AF300876E1D /* Sources */ = {
			isa = PBXSourcesBuildPhase;
			buildActionMask = 2147483647;
			files = (
				44DBCE38237F3AF300876E1D /* ViewController.swift in Sources */,
				44DBCE5323804EC000876E1D /* SearchResultsVC.swift in Sources */,
				44DBCE4B2380011800876E1D /* HomeVC.swift in Sources */,
				44DBCE34237F3AF300876E1D /* AppDelegate.swift in Sources */,
				44DBCE51238028AC00876E1D /* CategoryCell.swift in Sources */,
				44DBCE4F23801FDF00876E1D /* LanguageCell.swift in Sources */,
				44FEC4D323808E2D00383EFE /* StoresVC.swift in Sources */,
				44DBCE36237F3AF300876E1D /* SceneDelegate.swift in Sources */,
				44DBCE4D2380015E00876E1D /* MenuVC.swift in Sources */,
			);
			runOnlyForDeploymentPostprocessing = 0;
		};
/* End PBXSourcesBuildPhase section */

/* Begin PBXVariantGroup section */
		44DBCE39237F3AF300876E1D /* Main.storyboard */ = {
			isa = PBXVariantGroup;
			children = (
				44DBCE3A237F3AF300876E1D /* Base */,
			);
			name = Main.storyboard;
			sourceTree = "<group>";
		};
		44DBCE3E237F3AF500876E1D /* LaunchScreen.storyboard */ = {
			isa = PBXVariantGroup;
			children = (
				44DBCE3F237F3AF500876E1D /* Base */,
			);
			name = LaunchScreen.storyboard;
			sourceTree = "<group>";
		};
/* End PBXVariantGroup section */

/* Begin XCBuildConfiguration section */
		44DBCE42237F3AF500876E1D /* Debug */ = {
			isa = XCBuildConfiguration;
			buildSettings = {
				ALWAYS_SEARCH_USER_PATHS = NO;
				CLANG_ANALYZER_NONNULL = YES;
				CLANG_ANALYZER_NUMBER_OBJECT_CONVERSION = YES_AGGRESSIVE;
				CLANG_CXX_LANGUAGE_STANDARD = "gnu++14";
				CLANG_CXX_LIBRARY = "libc++";
				CLANG_ENABLE_MODULES = YES;
				CLANG_ENABLE_OBJC_ARC = YES;
				CLANG_ENABLE_OBJC_WEAK = YES;
				CLANG_WARN_BLOCK_CAPTURE_AUTORELEASING = YES;
				CLANG_WARN_BOOL_CONVERSION = YES;
				CLANG_WARN_COMMA = YES;
				CLANG_WARN_CONSTANT_CONVERSION = YES;
				CLANG_WARN_DEPRECATED_OBJC_IMPLEMENTATIONS = YES;
				CLANG_WARN_DIRECT_OBJC_ISA_USAGE = YES_ERROR;
				CLANG_WARN_DOCUMENTATION_COMMENTS = YES;
				CLANG_WARN_EMPTY_BODY = YES;
				CLANG_WARN_ENUM_CONVERSION = YES;
				CLANG_WARN_INFINITE_RECURSION = YES;
				CLANG_WARN_INT_CONVERSION = YES;
				CLANG_WARN_NON_LITERAL_NULL_CONVERSION = YES;
				CLANG_WARN_OBJC_IMPLICIT_RETAIN_SELF = YES;
				CLANG_WARN_OBJC_LITERAL_CONVERSION = YES;
				CLANG_WARN_OBJC_ROOT_CLASS = YES_ERROR;
				CLANG_WARN_RANGE_LOOP_ANALYSIS = YES;
				CLANG_WARN_STRICT_PROTOTYPES = YES;
				CLANG_WARN_SUSPICIOUS_MOVE = YES;
				CLANG_WARN_UNGUARDED_AVAILABILITY = YES_AGGRESSIVE;
				CLANG_WARN_UNREACHABLE_CODE = YES;
				CLANG_WARN__DUPLICATE_METHOD_MATCH = YES;
				COPY_PHASE_STRIP = NO;
				DEBUG_INFORMATION_FORMAT = dwarf;
				ENABLE_STRICT_OBJC_MSGSEND = YES;
				ENABLE_TESTABILITY = YES;
				GCC_C_LANGUAGE_STANDARD = gnu11;
				GCC_DYNAMIC_NO_PIC = NO;
				GCC_NO_COMMON_BLOCKS = YES;
				GCC_OPTIMIZATION_LEVEL = 0;
				GCC_PREPROCESSOR_DEFINITIONS = (
					"DEBUG=1",
					"$(inherited)",
				);
				GCC_WARN_64_TO_32_BIT_CONVERSION = YES;
				GCC_WARN_ABOUT_RETURN_TYPE = YES_ERROR;
				GCC_WARN_UNDECLARED_SELECTOR = YES;
				GCC_WARN_UNINITIALIZED_AUTOS = YES_AGGRESSIVE;
				GCC_WARN_UNUSED_FUNCTION = YES;
				GCC_WARN_UNUSED_VARIABLE = YES;
				IPHONEOS_DEPLOYMENT_TARGET = 13.1;
				MTL_ENABLE_DEBUG_INFO = INCLUDE_SOURCE;
				MTL_FAST_MATH = YES;
				ONLY_ACTIVE_ARCH = YES;
				SDKROOT = iphoneos;
				SWIFT_ACTIVE_COMPILATION_CONDITIONS = DEBUG;
				SWIFT_OPTIMIZATION_LEVEL = "-Onone";
			};
			name = Debug;
		};
		44DBCE43237F3AF500876E1D /* Release */ = {
			isa = XCBuildConfiguration;
			buildSettings = {
				ALWAYS_SEARCH_USER_PATHS = NO;
				CLANG_ANALYZER_NONNULL = YES;
				CLANG_ANALYZER_NUMBER_OBJECT_CONVERSION = YES_AGGRESSIVE;
				CLANG_CXX_LANGUAGE_STANDARD = "gnu++14";
				CLANG_CXX_LIBRARY = "libc++";
				CLANG_ENABLE_MODULES = YES;
				CLANG_ENABLE_OBJC_ARC = YES;
				CLANG_ENABLE_OBJC_WEAK = YES;
				CLANG_WARN_BLOCK_CAPTURE_AUTORELEASING = YES;
				CLANG_WARN_BOOL_CONVERSION = YES;
				CLANG_WARN_COMMA = YES;
				CLANG_WARN_CONSTANT_CONVERSION = YES;
				CLANG_WARN_DEPRECATED_OBJC_IMPLEMENTATIONS = YES;
				CLANG_WARN_DIRECT_OBJC_ISA_USAGE = YES_ERROR;
				CLANG_WARN_DOCUMENTATION_COMMENTS = YES;
				CLANG_WARN_EMPTY_BODY = YES;
				CLANG_WARN_ENUM_CONVERSION = YES;
				CLANG_WARN_INFINITE_RECURSION = YES;
				CLANG_WARN_INT_CONVERSION = YES;
				CLANG_WARN_NON_LITERAL_NULL_CONVERSION = YES;
				CLANG_WARN_OBJC_IMPLICIT_RETAIN_SELF = YES;
				CLANG_WARN_OBJC_LITERAL_CONVERSION = YES;
				CLANG_WARN_OBJC_ROOT_CLASS = YES_ERROR;
				CLANG_WARN_RANGE_LOOP_ANALYSIS = YES;
				CLANG_WARN_STRICT_PROTOTYPES = YES;
				CLANG_WARN_SUSPICIOUS_MOVE = YES;
				CLANG_WARN_UNGUARDED_AVAILABILITY = YES_AGGRESSIVE;
				CLANG_WARN_UNREACHABLE_CODE = YES;
				CLANG_WARN__DUPLICATE_METHOD_MATCH = YES;
				COPY_PHASE_STRIP = NO;
				DEBUG_INFORMATION_FORMAT = "dwarf-with-dsym";
				ENABLE_NS_ASSERTIONS = NO;
				ENABLE_STRICT_OBJC_MSGSEND = YES;
				GCC_C_LANGUAGE_STANDARD = gnu11;
				GCC_NO_COMMON_BLOCKS = YES;
				GCC_WARN_64_TO_32_BIT_CONVERSION = YES;
				GCC_WARN_ABOUT_RETURN_TYPE = YES_ERROR;
				GCC_WARN_UNDECLARED_SELECTOR = YES;
				GCC_WARN_UNINITIALIZED_AUTOS = YES_AGGRESSIVE;
				GCC_WARN_UNUSED_FUNCTION = YES;
				GCC_WARN_UNUSED_VARIABLE = YES;
				IPHONEOS_DEPLOYMENT_TARGET = 13.1;
				MTL_ENABLE_DEBUG_INFO = NO;
				MTL_FAST_MATH = YES;
				SDKROOT = iphoneos;
				SWIFT_COMPILATION_MODE = wholemodule;
				SWIFT_OPTIMIZATION_LEVEL = "-O";
				VALIDATE_PRODUCT = YES;
			};
			name = Release;
		};
		44DBCE45237F3AF500876E1D /* Debug */ = {
			isa = XCBuildConfiguration;
			buildSettings = {
				ASSETCATALOG_COMPILER_APPICON_NAME = AppIcon;
				CODE_SIGN_STYLE = Automatic;
				DEVELOPMENT_TEAM = 7Q6U3JR8A8;
				INFOPLIST_FILE = "Green-K/Info.plist";
				LD_RUNPATH_SEARCH_PATHS = (
					"$(inherited)",
					"@executable_path/Frameworks",
				);
				PRODUCT_BUNDLE_IDENTIFIER = "com.wissa.Green-K.Green-K";
				PRODUCT_NAME = FresKo;
				SWIFT_VERSION = 5.0;
				TARGETED_DEVICE_FAMILY = "1,2";
			};
			name = Debug;
		};
		44DBCE46237F3AF500876E1D /* Release */ = {
			isa = XCBuildConfiguration;
			buildSettings = {
				ASSETCATALOG_COMPILER_APPICON_NAME = AppIcon;
				CODE_SIGN_STYLE = Automatic;
				DEVELOPMENT_TEAM = 7Q6U3JR8A8;
				INFOPLIST_FILE = "Green-K/Info.plist";
				LD_RUNPATH_SEARCH_PATHS = (
					"$(inherited)",
					"@executable_path/Frameworks",
				);
				PRODUCT_BUNDLE_IDENTIFIER = "com.wissa.Green-K.Green-K";
				PRODUCT_NAME = FresKo;
				SWIFT_VERSION = 5.0;
				TARGETED_DEVICE_FAMILY = "1,2";
			};
			name = Release;
		};
/* End XCBuildConfiguration section */

/* Begin XCConfigurationList section */
		44DBCE2B237F3AF300876E1D /* Build configuration list for PBXProject "Green-K" */ = {
			isa = XCConfigurationList;
			buildConfigurations = (
				44DBCE42237F3AF500876E1D /* Debug */,
				44DBCE43237F3AF500876E1D /* Release */,
			);
			defaultConfigurationIsVisible = 0;
			defaultConfigurationName = Release;
		};
		44DBCE44237F3AF500876E1D /* Build configuration list for PBXNativeTarget "Green-K" */ = {
			isa = XCConfigurationList;
			buildConfigurations = (
				44DBCE45237F3AF500876E1D /* Debug */,
				44DBCE46237F3AF500876E1D /* Release */,
			);
			defaultConfigurationIsVisible = 0;
			defaultConfigurationName = Release;
		};
/* End XCConfigurationList section */

/* Begin XCRemoteSwiftPackageReference section */
		44DBCE47237F5FA000876E1D /* XCRemoteSwiftPackageReference "UIReactor" */ = {
			isa = XCRemoteSwiftPackageReference;
			repositoryURL = "https://github.com/Wissa-Azmy/UIReactor.git";
			requirement = {
				kind = upToNextMajorVersion;
				minimumVersion = 0.3.8;
			};
		};
/* End XCRemoteSwiftPackageReference section */

/* Begin XCSwiftPackageProductDependency section */
		44DBCE48237F5FA000876E1D /* UIReactor */ = {
			isa = XCSwiftPackageProductDependency;
			package = 44DBCE47237F5FA000876E1D /* XCRemoteSwiftPackageReference "UIReactor" */;
			productName = UIReactor;
		};
/* End XCSwiftPackageProductDependency section */
	};
	rootObject = 44DBCE28237F3AF300876E1D /* Project object */;
}
